{
  "lockfileVersion": 1,
  "configVersion": 1,
  "workspaces": {
    "": {
      "dependencies": {
        "flow-parser": "^0.307.0",
      },
    },
  },
  "packages": {
    "flow-parser": ["flow-parser@0.307.0", "", {}, "sha512-tgyfAH8UdNCrrNx5H1Qwu6ldFWXqcH7ag6LgN1vCEwK8tamBnJ6ekfJRk32rKM4Jr7V7zhhYwhBDVb+XQtriFQ=="],
  }
}
